
Microsoft Visual Studio Solution File, Format Version 12.00
Project("{FAE04EC0-301F-11D3-BF4B-00C04F79EFBC}") = "WebBankAPI", "WebBankAPI\WebBankAPI.csproj", "{4E5FEF51-DFB3-430E-BE18-A9CD4A0641A5}"
EndProject
Project("{2150E333-8FDC-42A3-9474-1A3956D46DE8}") = "Domain", "Domain", "{96481F39-7455-4A20-930A-BE1803B5B76A}"
EndProject
Project("{FAE04EC0-301F-11D3-BF4B-00C04F79EFBC}") = "WebBankAPI.Domain", "WebBankAPI.Domain\WebBankAPI.Domain.csproj", "{7AE0AD3F-FECA-420F-8D1F-6630BC38EFD9}"
EndProject
Project("{2150E333-8FDC-42A3-9474-1A3956D46DE8}") = "Application", "Application", "{55591557-DDC8-4626-AC5F-F29F637CB0CF}"
EndProject
Project("{FAE04EC0-301F-11D3-BF4B-00C04F79EFBC}") = "WebBankAPI.Application", "WebBankAPI.Application\WebBankAPI.Application.csproj", "{FC557922-38AE-4603-91B6-33268E9EC622}"
EndProject
Project("{2150E333-8FDC-42A3-9474-1A3956D46DE8}") = "Infrastructure", "Infrastructure", "{1EAEA7F0-7DDD-4345-A62D-F808F9F3187B}"
EndProject
Project("{FAE04EC0-301F-11D3-BF4B-00C04F79EFBC}") = "WebBankAPI.Infrastructure", "WebBankAPI.Infrastructure\WebBankAPI.Infrastructure.csproj", "{F176AC66-9597-4CA8-8477-FC02A9946B13}"
EndProject
Project("{2150E333-8FDC-42A3-9474-1A3956D46DE8}") = "API", "API", "{A75621EF-B66E-447C-9709-9DF81652D191}"
EndProject
Project("{FAE04EC0-301F-11D3-BF4B-00C04F79EFBC}") = "WebBankAPI.API", "WebBankAPI.API\WebBankAPI.API.csproj", "{AE317738-20CD-46F0-B9D3-ACDB3570A13F}"
EndProject
Global
	GlobalSection(SolutionConfigurationPlatforms) = preSolution
		Debug|Any CPU = Debug|Any CPU
		Release|Any CPU = Release|Any CPU
	EndGlobalSection
	GlobalSection(ProjectConfigurationPlatforms) = postSolution
		{4E5FEF51-DFB3-430E-BE18-A9CD4A0641A5}.Debug|Any CPU.ActiveCfg = Debug|Any CPU
		{4E5FEF51-DFB3-430E-BE18-A9CD4A0641A5}.Debug|Any CPU.Build.0 = Debug|Any CPU
		{4E5FEF51-DFB3-430E-BE18-A9CD4A0641A5}.Release|Any CPU.ActiveCfg = Release|Any CPU
		{4E5FEF51-DFB3-430E-BE18-A9CD4A0641A5}.Release|Any CPU.Build.0 = Release|Any CPU
		{7AE0AD3F-FECA-420F-8D1F-6630BC38EFD9}.Debug|Any CPU.ActiveCfg = Debug|Any CPU
		{7AE0AD3F-FECA-420F-8D1F-6630BC38EFD9}.Debug|Any CPU.Build.0 = Debug|Any CPU
		{7AE0AD3F-FECA-420F-8D1F-6630BC38EFD9}.Release|Any CPU.ActiveCfg = Release|Any CPU
		{7AE0AD3F-FECA-420F-8D1F-6630BC38EFD9}.Release|Any CPU.Build.0 = Release|Any CPU
		{FC557922-38AE-4603-91B6-33268E9EC622}.Debug|Any CPU.ActiveCfg = Debug|Any CPU
		{FC557922-38AE-4603-91B6-33268E9EC622}.Debug|Any CPU.Build.0 = Debug|Any CPU
		{FC557922-38AE-4603-91B6-33268E9EC622}.Release|Any CPU.ActiveCfg = Release|Any CPU
		{FC557922-38AE-4603-91B6-33268E9EC622}.Release|Any CPU.Build.0 = Release|Any CPU
		{F176AC66-9597-4CA8-8477-FC02A9946B13}.Debug|Any CPU.ActiveCfg = Debug|Any CPU
		{F176AC66-9597-4CA8-8477-FC02A9946B13}.Debug|Any CPU.Build.0 = Debug|Any CPU
		{F176AC66-9597-4CA8-8477-FC02A9946B13}.Release|Any CPU.ActiveCfg = Release|Any CPU
		{F176AC66-9597-4CA8-8477-FC02A9946B13}.Release|Any CPU.Build.0 = Release|Any CPU
		{AE317738-20CD-46F0-B9D3-ACDB3570A13F}.Debug|Any CPU.ActiveCfg = Debug|Any CPU
		{AE317738-20CD-46F0-B9D3-ACDB3570A13F}.Debug|Any CPU.Build.0 = Debug|Any CPU
		{AE317738-20CD-46F0-B9D3-ACDB3570A13F}.Release|Any CPU.ActiveCfg = Release|Any CPU
		{AE317738-20CD-46F0-B9D3-ACDB3570A13F}.Release|Any CPU.Build.0 = Release|Any CPU
	EndGlobalSection
	GlobalSection(NestedProjects) = preSolution
		{7AE0AD3F-FECA-420F-8D1F-6630BC38EFD9} = {96481F39-7455-4A20-930A-BE1803B5B76A}
		{FC557922-38AE-4603-91B6-33268E9EC622} = {55591557-DDC8-4626-AC5F-F29F637CB0CF}
		{F176AC66-9597-4CA8-8477-FC02A9946B13} = {1EAEA7F0-7DDD-4345-A62D-F808F9F3187B}
		{AE317738-20CD-46F0-B9D3-ACDB3570A13F} = {A75621EF-B66E-447C-9709-9DF81652D191}
	EndGlobalSection
EndGlobal
